hash: 1046b0613a3b77645f8103fbc30463a33df8b6f74953b506baa85115acd59386
updated: 2018-09-23T05:10:00.840745182-07:00
imports:
- name: github.com/aws/aws-sdk-go
  version: 867e2302da0d2b7fa459f79831e6eb733f7941bf
  subpackages:
  - aws
  - aws/awserr
  - aws/awsutil
  - aws/client
  - aws/client/metadata
  - aws/corehandlers
  - aws/credentials
  - aws/credentials/ec2rolecreds
  - aws/credentials/endpointcreds
  - aws/credentials/stscreds
  - aws/defaults
  - aws/ec2metadata
  - aws/endpoints
  - aws/request
  - aws/session
  - aws/signer/v4
  - internal/shareddefaults
  - private/protocol
  - private/protocol/json/jsonutil
  - private/protocol/jsonrpc
  - private/protocol/query
  - private/protocol/query/queryutil
  - private/protocol/rest
  - private/protocol/xml/xmlutil
  - service/kms
  - service/sts
- name: github.com/davecgh/go-spew
  version: 5215b55f46b2b919f50a1df0eaa5886afe4e3b3d
  subpackages:
  - spew
- name: github.com/dockerian/dateparse
  version: 0d9501caeeb543ff63b7b91fd0a4d6897400f18b
- name: github.com/go-ini/ini
  version: c787282c39ac1fc618827141a1f762240def08a3
- name: github.com/go-sql-driver/mysql
  version: 361f66ef3b53de1f16b7f2af9ef38a6c159ceb3e
- name: github.com/gorilla/context
  version: aed02d124ae4a0e94fea4541c8effd05bf0c8296
- name: github.com/gorilla/mux
  version: 757bef944d0f21880861c2dd9c871ca543023cba
- name: github.com/gorilla/securecookie
  version: bb1ab76598893258e90f45d8a708a2505a95af2a
- name: github.com/gorilla/sessions
  version: f57b7e2d29c6211d16ffa52a0998272f75799030
- name: github.com/jinzhu/gorm
  version: f6260a00852946a10a57e8bb9f505f19bc9389b7
  subpackages:
  - dialects/mysql
  - dialects/postgres
- name: github.com/jinzhu/inflection
  version: 04140366298a54a039076d798123ffa108fff46c
- name: github.com/jmespath/go-jmespath
  version: bd40a432e4c76585ef6b72d3fd96fb9b6dc7b68d
- name: github.com/lib/pq
  version: 4ded0e9383f75c197b3a2aaa6d590ac52df6fd79
  subpackages:
  - hstore
  - oid
- name: github.com/pmezard/go-difflib
  version: 792786c7400a136282c1664665ae0a8db921c6c2
  subpackages:
  - difflib
- name: github.com/russross/blackfriday
  version: 05f3235734ad95d0016f6a23902f06461fcf567a
- name: github.com/satori/go.uuid
  version: 36e9d2ebbde5e3f13ab2e25625fd453271d6522e
- name: github.com/shurcooL/sanitized_anchor_name
  version: 86672fcb3f950f35f2e675df2240550f2a50762f
- name: github.com/stretchr/objx
  version: 1a9d0bb9f541897e62256577b352fdbc1fb4fd94
- name: github.com/stretchr/testify
  version: d77da356e56a7428ad25149ca77381849a6a5232
  subpackages:
  - assert
  - http
  - mock
  - require
  - suite
- name: github.com/urfave/negroni
  version: 9b2bc389fe802b5ff89331d5b86d8a342d63156b
- name: golang.org/x/text
  version: 5a42fa2464759cbb7ee0af9de00b54d69f09a29c
  subpackages:
  - cases
  - cmd/gotext
  - collate
  - collate/build
  - collate/tools/colcmp
  - currency
  - encoding
  - encoding/charmap
  - encoding/htmlindex
  - encoding/ianaindex
  - encoding/internal
  - encoding/internal/identifier
  - encoding/japanese
  - encoding/korean
  - encoding/simplifiedchinese
  - encoding/traditionalchinese
  - encoding/unicode
  - encoding/unicode/utf32
  - internal
  - internal/colltab
  - internal/export/idna
  - internal/format
  - internal/format/plural
  - internal/gen
  - internal/number
  - internal/stringset
  - internal/tag
  - internal/testtext
  - internal/triegen
  - internal/ucd
  - internal/utf8internal
  - language
  - language/display
  - message
  - runes
  - search
  - secure
  - secure/bidirule
  - secure/precis
  - transform
  - unicode
  - unicode/bidi
  - unicode/cldr
  - unicode/norm
  - unicode/rangetable
  - width
- name: golang.org/x/tools
  version: e531a2a1c15f94033f6fa87666caeb19a688175f
  subpackages:
  - go/ast/astutil
  - go/buildutil
  - go/loader
- name: google.golang.org/appengine
  version: ae0ab99deb4dc413a2b4bd6c8bdd0eb67f1e4d06
  subpackages:
  - cloudsql
- name: gopkg.in/yaml.v2
  version: eb3733d160e74a9c7e442f435eb3bea458e1d19f
testImports: []
